
Microsoft Visual Studio Solution File, Format Version 12.00
# Visual Studio Version 17
VisualStudioVersion = 17.6.33815.320
MinimumVisualStudioVersion = 10.0.40219.1
Project("{FAE04EC0-301F-11D3-BF4B-00C04F79EFBC}") = "websecuritycore", "websecuritycore\websecuritycore.csproj", "{23EB4FDC-48D0-42C3-9CB0-F208B91395C9}"
EndProject
Global
	GlobalSection(SolutionConfigurationPlatforms) = preSolution
		Debug|Any CPU = Debug|Any CPU
		Release|Any CPU = Release|Any CPU
	EndGlobalSection
	GlobalSection(ProjectConfigurationPlatforms) = postSolution
		{23EB4FDC-48D0-42C3-9CB0-F208B91395C9}.Debug|Any CPU.ActiveCfg = Debug|Any CPU
		{23EB4FDC-48D0-42C3-9CB0-F208B91395C9}.Debug|Any CPU.Build.0 = Debug|Any CPU
		{23EB4FDC-48D0-42C3-9CB0-F208B91395C9}.Release|Any CPU.ActiveCfg = Release|Any CPU
		{23EB4FDC-48D0-42C3-9CB0-F208B91395C9}.Release|Any CPU.Build.0 = Release|Any CPU
	EndGlobalSection
	GlobalSection(SolutionProperties) = preSolution
		HideSolutionNode = FALSE
	EndGlobalSection
	GlobalSection(ExtensibilityGlobals) = postSolution
		SolutionGuid = {DDD2DB6C-8FC6-4C87-958A-9522EFB9A7E3}
	EndGlobalSection
EndGlobal
